
Microsoft Visual Studio Solution File, Format Version 12.00
# Visual Studio Version 17
VisualStudioVersion = 17.9.34728.123
MinimumVisualStudioVersion = 10.0.40219.1
Project("{FAE04EC0-301F-11D3-BF4B-00C04F79EFBC}") = "BMongo1", "BMongo1\BMongo1.csproj", "{B17F9125-29EC-4FCF-88F0-7546E7F8A1D2}"
EndProject
Global
	GlobalSection(SolutionConfigurationPlatforms) = preSolution
		Debug|Any CPU = Debug|Any CPU
		Release|Any CPU = Release|Any CPU
	EndGlobalSection
	GlobalSection(ProjectConfigurationPlatforms) = postSolution
		{B17F9125-29EC-4FCF-88F0-7546E7F8A1D2}.Debug|Any CPU.ActiveCfg = Debug|Any CPU
		{B17F9125-29EC-4FCF-88F0-7546E7F8A1D2}.Debug|Any CPU.Build.0 = Debug|Any CPU
		{B17F9125-29EC-4FCF-88F0-7546E7F8A1D2}.Release|Any CPU.ActiveCfg = Release|Any CPU
		{B17F9125-29EC-4FCF-88F0-7546E7F8A1D2}.Release|Any CPU.Build.0 = Release|Any CPU
	EndGlobalSection
	GlobalSection(SolutionProperties) = preSolution
		HideSolutionNode = FALSE
	EndGlobalSection
	GlobalSection(ExtensibilityGlobals) = postSolution
		SolutionGuid = {0D08419F-3214-49FD-A62D-3682A0BFD88D}
	EndGlobalSection
EndGlobal
